// !$*UTF8*$!
{
	archiveVersion = 1;
	classes = {
	};
	objectVersion = 56;
	objects = {

/* Begin PBXBuildFile section */
		0F06E1272B67F905007D2C8A /* DemoScreen1.swift in Sources */ = {isa = PBXBuildFile; fileRef = 0F06E1262B67F905007D2C8A /* DemoScreen1.swift */; };
		0F0F18172B6436CF003311EF /* SplashScreenApp.swift in Sources */ = {isa = PBXBuildFile; fileRef = 0F0F18162B6436CF003311EF /* SplashScreenApp.swift */; };
		0F0F18192B6436CF003311EF /* ContentView.swift in Sources */ = {isa = PBXBuildFile; fileRef = 0F0F18182B6436CF003311EF /* ContentView.swift */; };
		0F0F181B2B6436D0003311EF /* Assets.xcassets in Resources */ = {isa = PBXBuildFile; fileRef = 0F0F181A2B6436D0003311EF /* Assets.xcassets */; };
		0F0F181E2B6436D0003311EF /* Preview Assets.xcassets in Resources */ = {isa = PBXBuildFile; fileRef = 0F0F181D2B6436D0003311EF /* Preview Assets.xcassets */; };
		0F93F6042B68D04D0086B953 /* Screen4.swift in Sources */ = {isa = PBXBuildFile; fileRef = 0F93F6032B68D04D0086B953 /* Screen4.swift */; };
		0F93F60A2B68F6D20086B953 /* Demo2.swift in Sources */ = {isa = PBXBuildFile; fileRef = 0F93F6092B68F6D20086B953 /* Demo2.swift */; };
		0F94F4C02B65860400EB7C24 /* HoltwoodOneSC-Regular.ttf in Resources */ = {isa = PBXBuildFile; fileRef = 0F94F4BF2B65860400EB7C24 /* HoltwoodOneSC-Regular.ttf */; };
		0F94F4C22B658DC900EB7C24 /* Screen1.swift in Sources */ = {isa = PBXBuildFile; fileRef = 0F94F4C12B658DC900EB7C24 /* Screen1.swift */; };
		0F9C52A82B668F7700D0E38F /* SFPRODISPLAYBOLD.OTF in Resources */ = {isa = PBXBuildFile; fileRef = 0F9C52A72B668F7700D0E38F /* SFPRODISPLAYBOLD.OTF */; };
		0FC57DC62B643868000639EA /* SplashScreenView.swift in Sources */ = {isa = PBXBuildFile; fileRef = 0FC57DC52B643868000639EA /* SplashScreenView.swift */; };
		0FDB278A2B64D2A900BCC16B /* Condiment-Regular.ttf in Resources */ = {isa = PBXBuildFile; fileRef = 0FDB27892B64D2A900BCC16B /* Condiment-Regular.ttf */; };
		0FDB27932B64FAF000BCC16B /* Screen3.swift in Sources */ = {isa = PBXBuildFile; fileRef = 0FDB27922B64FAF000BCC16B /* Screen3.swift */; };
		0FDB27952B65018500BCC16B /* Screen2.swift in Sources */ = {isa = PBXBuildFile; fileRef = 0FDB27942B65018500BCC16B /* Screen2.swift */; };
/* End PBXBuildFile section */

/* Begin PBXFileReference section */
		0F06E1262B67F905007D2C8A /* DemoScreen1.swift */ = {isa = PBXFileReference; lastKnownFileType = sourcecode.swift; path = DemoScreen1.swift; sourceTree = "<group>"; };
		0F0F18132B6436CF003311EF /* SplashScreen.app */ = {isa = PBXFileReference; explicitFileType = wrapper.application; includeInIndex = 0; path = SplashScreen.app; sourceTree = BUILT_PRODUCTS_DIR; };
		0F0F18162B6436CF003311EF /* SplashScreenApp.swift */ = {isa = PBXFileReference; lastKnownFileType = sourcecode.swift; path = SplashScreenApp.swift; sourceTree = "<group>"; };
		0F0F18182B6436CF003311EF /* ContentView.swift */ = {isa = PBXFileReference; lastKnownFileType = sourcecode.swift; path = ContentView.swift; sourceTree = "<group>"; };
		0F0F181A2B6436D0003311EF /* Assets.xcassets */ = {isa = PBXFileReference; lastKnownFileType = folder.assetcatalog; path = Assets.xcassets; sourceTree = "<group>"; };
		0F0F181D2B6436D0003311EF /* Preview Assets.xcassets */ = {isa = PBXFileReference; lastKnownFileType = folder.assetcatalog; path = "Preview Assets.xcassets"; sourceTree = "<group>"; };
		0F93F6032B68D04D0086B953 /* Screen4.swift */ = {isa = PBXFileReference; lastKnownFileType = sourcecode.swift; path = Screen4.swift; sourceTree = "<group>"; };
		0F93F6092B68F6D20086B953 /* Demo2.swift */ = {isa = PBXFileReference; lastKnownFileType = sourcecode.swift; path = Demo2.swift; sourceTree = "<group>"; };
		0F94F4BF2B65860400EB7C24 /* HoltwoodOneSC-Regular.ttf */ = {isa = PBXFileReference; lastKnownFileType = file; path = "HoltwoodOneSC-Regular.ttf"; sourceTree = "<group>"; };
		0F94F4C12B658DC900EB7C24 /* Screen1.swift */ = {isa = PBXFileReference; lastKnownFileType = sourcecode.swift; path = Screen1.swift; sourceTree = "<group>"; };
		0F9C52A72B668F7700D0E38F /* SFPRODISPLAYBOLD.OTF */ = {isa = PBXFileReference; lastKnownFileType = file; path = SFPRODISPLAYBOLD.OTF; sourceTree = "<group>"; };
		0FC57DC52B643868000639EA /* SplashScreenView.swift */ = {isa = PBXFileReference; lastKnownFileType = sourcecode.swift; path = SplashScreenView.swift; sourceTree = "<group>"; };
		0FDB27892B64D2A900BCC16B /* Condiment-Regular.ttf */ = {isa = PBXFileReference; lastKnownFileType = file; path = "Condiment-Regular.ttf"; sourceTree = "<group>"; };
		0FDB278D2B64D91900BCC16B /* Info.plist */ = {isa = PBXFileReference; lastKnownFileType = text.plist; path = Info.plist; sourceTree = "<group>"; };
		0FDB27922B64FAF000BCC16B /* Screen3.swift */ = {isa = PBXFileReference; lastKnownFileType = sourcecode.swift; path = Screen3.swift; sourceTree = "<group>"; };
		0FDB27942B65018500BCC16B /* Screen2.swift */ = {isa = PBXFileReference; lastKnownFileType = sourcecode.swift; path = Screen2.swift; sourceTree = "<group>"; };
/* End PBXFileReference section */

/* Begin PBXFrameworksBuildPhase section */
		0F0F18102B6436CF003311EF /* Frameworks */ = {
			isa = PBXFrameworksBuildPhase;
			buildActionMask = 2147483647;
			files = (
			);
			runOnlyForDeploymentPostprocessing = 0;
		};
/* End PBXFrameworksBuildPhase section */

/* Begin PBXGroup section */
		0F0F180A2B6436CF003311EF = {
			isa = PBXGroup;
			children = (
				0F0F18152B6436CF003311EF /* SplashScreen */,
				0F0F18142B6436CF003311EF /* Products */,
			);
			sourceTree = "<group>";
		};
		0F0F18142B6436CF003311EF /* Products */ = {
			isa = PBXGroup;
			children = (
				0F0F18132B6436CF003311EF /* SplashScreen.app */,
			);
			name = Products;
			sourceTree = "<group>";
		};
		0F0F18152B6436CF003311EF /* SplashScreen */ = {
			isa = PBXGroup;
			children = (
				0FDB278D2B64D91900BCC16B /* Info.plist */,
				0FC57DC72B6442F6000639EA /* Font */,
				0F0F18162B6436CF003311EF /* SplashScreenApp.swift */,
				0FC57DC52B643868000639EA /* SplashScreenView.swift */,
				0FDB27922B64FAF000BCC16B /* Screen3.swift */,
				0F93F6032B68D04D0086B953 /* Screen4.swift */,
				0FDB27942B65018500BCC16B /* Screen2.swift */,
				0F94F4C12B658DC900EB7C24 /* Screen1.swift */,
				0F06E1262B67F905007D2C8A /* DemoScreen1.swift */,
				0F93F6092B68F6D20086B953 /* Demo2.swift */,
				0F0F18182B6436CF003311EF /* ContentView.swift */,
				0F0F181A2B6436D0003311EF /* Assets.xcassets */,
				0F0F181C2B6436D0003311EF /* Preview Content */,
			);
			path = SplashScreen;
			sourceTree = "<group>";
		};
		0F0F181C2B6436D0003311EF /* Preview Content */ = {
			isa = PBXGroup;
			children = (
				0F0F181D2B6436D0003311EF /* Preview Assets.xcassets */,
			);
			path = "Preview Content";
			sourceTree = "<group>";
		};
		0FC57DC72B6442F6000639EA /* Font */ = {
			isa = PBXGroup;
			children = (
				0F94F4BF2B65860400EB7C24 /* HoltwoodOneSC-Regular.ttf */,
				0FDB27892B64D2A900BCC16B /* Condiment-Regular.ttf */,
				0F9C52A72B668F7700D0E38F /* SFPRODISPLAYBOLD.OTF */,
			);
			path = Font;
			sourceTree = "<group>";
		};
/* End PBXGroup section */

/* Begin PBXNativeTarget section */
		0F0F18122B6436CF003311EF /* SplashScreen */ = {
			isa = PBXNativeTarget;
			buildConfigurationList = 0F0F18212B6436D0003311EF /* Build configuration list for PBXNativeTarget "SplashScreen" */;
			buildPhases = (
				0F0F180F2B6436CF003311EF /* Sources */,
				0F0F18102B6436CF003311EF /* Frameworks */,
				0F0F18112B6436CF003311EF /* Resources */,
			);
			buildRules = (
			);
			dependencies = (
			);
			name = SplashScreen;
			productName = SplashScreen;
			productReference = 0F0F18132B6436CF003311EF /* SplashScreen.app */;
			productType = "com.apple.product-type.application";
		};
/* End PBXNativeTarget section */

/* Begin PBXProject section */
		0F0F180B2B6436CF003311EF /* Project object */ = {
			isa = PBXProject;
			attributes = {
				BuildIndependentTargetsInParallel = 1;
				LastSwiftUpdateCheck = 1520;
				LastUpgradeCheck = 1520;
				TargetAttributes = {
					0F0F18122B6436CF003311EF = {
						CreatedOnToolsVersion = 15.2;
					};
				};
			};
			buildConfigurationList = 0F0F180E2B6436CF003311EF /* Build configuration list for PBXProject "SplashScreen" */;
			compatibilityVersion = "Xcode 14.0";
			developmentRegion = en;
			hasScannedForEncodings = 0;
			knownRegions = (
				en,
				Base,
			);
			mainGroup = 0F0F180A2B6436CF003311EF;
			productRefGroup = 0F0F18142B6436CF003311EF /* Products */;
			projectDirPath = "";
			projectRoot = "";
			targets = (
				0F0F18122B6436CF003311EF /* SplashScreen */,
			);
		};
/* End PBXProject section */

/* Begin PBXResourcesBuildPhase section */
		0F0F18112B6436CF003311EF /* Resources */ = {
			isa = PBXResourcesBuildPhase;
			buildActionMask = 2147483647;
			files = (
				0F94F4C02B65860400EB7C24 /* HoltwoodOneSC-Regular.ttf in Resources */,
				0F0F181E2B6436D0003311EF /* Preview Assets.xcassets in Resources */,
				0FDB278A2B64D2A900BCC16B /* Condiment-Regular.ttf in Resources */,
				0F9C52A82B668F7700D0E38F /* SFPRODISPLAYBOLD.OTF in Resources */,
				0F0F181B2B6436D0003311EF /* Assets.xcassets in Resources */,
			);
			runOnlyForDeploymentPostprocessing = 0;
		};
/* End PBXResourcesBuildPhase section */

/* Begin PBXSourcesBuildPhase section */
		0F0F180F2B6436CF003311EF /* Sources */ = {
			isa = PBXSourcesBuildPhase;
			buildActionMask = 2147483647;
			files = (
				0F0F18192B6436CF003311EF /* ContentView.swift in Sources */,
				0FDB27952B65018500BCC16B /* Screen2.swift in Sources */,
				0F0F18172B6436CF003311EF /* SplashScreenApp.swift in Sources */,
				0F94F4C22B658DC900EB7C24 /* Screen1.swift in Sources */,
				0F93F60A2B68F6D20086B953 /* Demo2.swift in Sources */,
				0F93F6042B68D04D0086B953 /* Screen4.swift in Sources */,
				0F06E1272B67F905007D2C8A /* DemoScreen1.swift in Sources */,
				0FC57DC62B643868000639EA /* SplashScreenView.swift in Sources */,
				0FDB27932B64FAF000BCC16B /* Screen3.swift in Sources */,
			);
			runOnlyForDeploymentPostprocessing = 0;
		};
/* End PBXSourcesBuildPhase section */

/* Begin XCBuildConfiguration section */
		0F0F181F2B6436D0003311EF /* Debug */ = {
			isa = XCBuildConfiguration;
			buildSettings = {
				ALWAYS_SEARCH_USER_PATHS = NO;
				ASSETCATALOG_COMPILER_GENERATE_SWIFT_ASSET_SYMBOL_EXTENSIONS = YES;
				CLANG_ANALYZER_NONNULL = YES;
				CLANG_ANALYZER_NUMBER_OBJECT_CONVERSION = YES_AGGRESSIVE;
				CLANG_CXX_LANGUAGE_STANDARD = "gnu++20";
				CLANG_ENABLE_MODULES = YES;
				CLANG_ENABLE_OBJC_ARC = YES;
				CLANG_ENABLE_OBJC_WEAK = YES;
				CLANG_WARN_BLOCK_CAPTURE_AUTORELEASING = YES;
				CLANG_WARN_BOOL_CONVERSION = YES;
				CLANG_WARN_COMMA = YES;
				CLANG_WARN_CONSTANT_CONVERSION = YES;
				CLANG_WARN_DEPRECATED_OBJC_IMPLEMENTATIONS = YES;
				CLANG_WARN_DIRECT_OBJC_ISA_USAGE = YES_ERROR;
				CLANG_WARN_DOCUMENTATION_COMMENTS = YES;
				CLANG_WARN_EMPTY_BODY = YES;
				CLANG_WARN_ENUM_CONVERSION = YES;
				CLANG_WARN_INFINITE_RECURSION = YES;
				CLANG_WARN_INT_CONVERSION = YES;
				CLANG_WARN_NON_LITERAL_NULL_CONVERSION = YES;
				CLANG_WARN_OBJC_IMPLICIT_RETAIN_SELF = YES;
				CLANG_WARN_OBJC_LITERAL_CONVERSION = YES;
				CLANG_WARN_OBJC_ROOT_CLASS = YES_ERROR;
				CLANG_WARN_QUOTED_INCLUDE_IN_FRAMEWORK_HEADER = YES;
				CLANG_WARN_RANGE_LOOP_ANALYSIS = YES;
				CLANG_WARN_STRICT_PROTOTYPES = YES;
				CLANG_WARN_SUSPICIOUS_MOVE = YES;
				CLANG_WARN_UNGUARDED_AVAILABILITY = YES_AGGRESSIVE;
				CLANG_WARN_UNREACHABLE_CODE = YES;
				CLANG_WARN__DUPLICATE_METHOD_MATCH = YES;
				COPY_PHASE_STRIP = NO;
				DEBUG_INFORMATION_FORMAT = dwarf;
				ENABLE_STRICT_OBJC_MSGSEND = YES;
				ENABLE_TESTABILITY = YES;
				ENABLE_USER_SCRIPT_SANDBOXING = YES;
				GCC_C_LANGUAGE_STANDARD = gnu17;
				GCC_DYNAMIC_NO_PIC = NO;
				GCC_NO_COMMON_BLOCKS = YES;
				GCC_OPTIMIZATION_LEVEL = 0;
				GCC_PREPROCESSOR_DEFINITIONS = (
					"DEBUG=1",
					"$(inherited)",
				);
				GCC_WARN_64_TO_32_BIT_CONVERSION = YES;
				GCC_WARN_ABOUT_RETURN_TYPE = YES_ERROR;
				GCC_WARN_UNDECLARED_SELECTOR = YES;
				GCC_WARN_UNINITIALIZED_AUTOS = YES_AGGRESSIVE;
				GCC_WARN_UNUSED_FUNCTION = YES;
				GCC_WARN_UNUSED_VARIABLE = YES;
				IPHONEOS_DEPLOYMENT_TARGET = 17.2;
				LOCALIZATION_PREFERS_STRING_CATALOGS = YES;
				MTL_ENABLE_DEBUG_INFO = INCLUDE_SOURCE;
				MTL_FAST_MATH = YES;
				ONLY_ACTIVE_ARCH = YES;
				SDKROOT = iphoneos;
				SWIFT_ACTIVE_COMPILATION_CONDITIONS = "DEBUG $(inherited)";
				SWIFT_OPTIMIZATION_LEVEL = "-Onone";
			};
			name = Debug;
		};
		0F0F18202B6436D0003311EF /* Release */ = {
			isa = XCBuildConfiguration;
			buildSettings = {
				ALWAYS_SEARCH_USER_PATHS = NO;
				ASSETCATALOG_COMPILER_GENERATE_SWIFT_ASSET_SYMBOL_EXTENSIONS = YES;
				CLANG_ANALYZER_NONNULL = YES;
				CLANG_ANALYZER_NUMBER_OBJECT_CONVERSION = YES_AGGRESSIVE;
				CLANG_CXX_LANGUAGE_STANDARD = "gnu++20";
				CLANG_ENABLE_MODULES = YES;
				CLANG_ENABLE_OBJC_ARC = YES;
				CLANG_ENABLE_OBJC_WEAK = YES;
				CLANG_WARN_BLOCK_CAPTURE_AUTORELEASING = YES;
				CLANG_WARN_BOOL_CONVERSION = YES;
				CLANG_WARN_COMMA = YES;
				CLANG_WARN_CONSTANT_CONVERSION = YES;
				CLANG_WARN_DEPRECATED_OBJC_IMPLEMENTATIONS = YES;
				CLANG_WARN_DIRECT_OBJC_ISA_USAGE = YES_ERROR;
				CLANG_WARN_DOCUMENTATION_COMMENTS = YES;
				CLANG_WARN_EMPTY_BODY = YES;
				CLANG_WARN_ENUM_CONVERSION = YES;
				CLANG_WARN_INFINITE_RECURSION = YES;
				CLANG_WARN_INT_CONVERSION = YES;
				CLANG_WARN_NON_LITERAL_NULL_CONVERSION = YES;
				CLANG_WARN_OBJC_IMPLICIT_RETAIN_SELF = YES;
				CLANG_WARN_OBJC_LITERAL_CONVERSION = YES;
				CLANG_WARN_OBJC_ROOT_CLASS = YES_ERROR;
				CLANG_WARN_QUOTED_INCLUDE_IN_FRAMEWORK_HEADER = YES;
				CLANG_WARN_RANGE_LOOP_ANALYSIS = YES;
				CLANG_WARN_STRICT_PROTOTYPES = YES;
				CLANG_WARN_SUSPICIOUS_MOVE = YES;
				CLANG_WARN_UNGUARDED_AVAILABILITY = YES_AGGRESSIVE;
				CLANG_WARN_UNREACHABLE_CODE = YES;
				CLANG_WARN__DUPLICATE_METHOD_MATCH = YES;
				COPY_PHASE_STRIP = NO;
				DEBUG_INFORMATION_FORMAT = "dwarf-with-dsym";
				ENABLE_NS_ASSERTIONS = NO;
				ENABLE_STRICT_OBJC_MSGSEND = YES;
				ENABLE_USER_SCRIPT_SANDBOXING = YES;
				GCC_C_LANGUAGE_STANDARD = gnu17;
				GCC_NO_COMMON_BLOCKS = YES;
				GCC_WARN_64_TO_32_BIT_CONVERSION = YES;
				GCC_WARN_ABOUT_RETURN_TYPE = YES_ERROR;
				GCC_WARN_UNDECLARED_SELECTOR = YES;
				GCC_WARN_UNINITIALIZED_AUTOS = YES_AGGRESSIVE;
				GCC_WARN_UNUSED_FUNCTION = YES;
				GCC_WARN_UNUSED_VARIABLE = YES;
				IPHONEOS_DEPLOYMENT_TARGET = 17.2;
				LOCALIZATION_PREFERS_STRING_CATALOGS = YES;
				MTL_ENABLE_DEBUG_INFO = NO;
				MTL_FAST_MATH = YES;
				SDKROOT = iphoneos;
				SWIFT_COMPILATION_MODE = wholemodule;
				VALIDATE_PRODUCT = YES;
			};
			name = Release;
		};
		0F0F18222B6436D0003311EF /* Debug */ = {
			isa = XCBuildConfiguration;
			buildSettings = {
				ASSETCATALOG_COMPILER_APPICON_NAME = AppIcon;
				ASSETCATALOG_COMPILER_GLOBAL_ACCENT_COLOR_NAME = AccentColor;
				CODE_SIGN_STYLE = Automatic;
				CURRENT_PROJECT_VERSION = 1;
				DEVELOPMENT_ASSET_PATHS = "\"SplashScreen/Preview Content\"";
				DEVELOPMENT_TEAM = HUZQ9Z529P;
				ENABLE_PREVIEWS = YES;
				GENERATE_INFOPLIST_FILE = YES;
				INFOPLIST_FILE = SplashScreen/Info.plist;
				INFOPLIST_KEY_UIApplicationSceneManifest_Generation = YES;
				INFOPLIST_KEY_UIApplicationSupportsIndirectInputEvents = YES;
				INFOPLIST_KEY_UILaunchScreen_Generation = YES;
				INFOPLIST_KEY_UISupportedInterfaceOrientations_iPad = "UIInterfaceOrientationPortrait UIInterfaceOrientationPortraitUpsideDown UIInterfaceOrientationLandscapeLeft UIInterfaceOrientationLandscapeRight";
				INFOPLIST_KEY_UISupportedInterfaceOrientations_iPhone = "UIInterfaceOrientationPortrait UIInterfaceOrientationLandscapeLeft UIInterfaceOrientationLandscapeRight";
				LD_RUNPATH_SEARCH_PATHS = (
					"$(inherited)",
					"@executable_path/Frameworks",
				);
				MARKETING_VERSION = 1.0;
				PRODUCT_BUNDLE_IDENTIFIER = in.edu.srmist.SplashScreen;
				PRODUCT_NAME = "$(TARGET_NAME)";
				SWIFT_EMIT_LOC_STRINGS = YES;
				SWIFT_VERSION = 5.0;
				TARGETED_DEVICE_FAMILY = "1,2";
			};
			name = Debug;
		};
		0F0F18232B6436D0003311EF /* Release */ = {
			isa = XCBuildConfiguration;
			buildSettings = {
				ASSETCATALOG_COMPILER_APPICON_NAME = AppIcon;
				ASSETCATALOG_COMPILER_GLOBAL_ACCENT_COLOR_NAME = AccentColor;
				CODE_SIGN_STYLE = Automatic;
				CURRENT_PROJECT_VERSION = 1;
				DEVELOPMENT_ASSET_PATHS = "\"SplashScreen/Preview Content\"";
				DEVELOPMENT_TEAM = HUZQ9Z529P;
				ENABLE_PREVIEWS = YES;
				GENERATE_INFOPLIST_FILE = YES;
				INFOPLIST_FILE = SplashScreen/Info.plist;
				INFOPLIST_KEY_UIApplicationSceneManifest_Generation = YES;
				INFOPLIST_KEY_UIApplicationSupportsIndirectInputEvents = YES;
				INFOPLIST_KEY_UILaunchScreen_Generation = YES;
				INFOPLIST_KEY_UISupportedInterfaceOrientations_iPad = "UIInterfaceOrientationPortrait UIInterfaceOrientationPortraitUpsideDown UIInterfaceOrientationLandscapeLeft UIInterfaceOrientationLandscapeRight";
				INFOPLIST_KEY_UISupportedInterfaceOrientations_iPhone = "UIInterfaceOrientationPortrait UIInterfaceOrientationLandscapeLeft UIInterfaceOrientationLandscapeRight";
				LD_RUNPATH_SEARCH_PATHS = (
					"$(inherited)",
					"@executable_path/Frameworks",
				);
				MARKETING_VERSION = 1.0;
				PRODUCT_BUNDLE_IDENTIFIER = in.edu.srmist.SplashScreen;
				PRODUCT_NAME = "$(TARGET_NAME)";
				SWIFT_EMIT_LOC_STRINGS = YES;
				SWIFT_VERSION = 5.0;
				TARGETED_DEVICE_FAMILY = "1,2";
			};
			name = Release;
		};
/* End XCBuildConfiguration section */

/* Begin XCConfigurationList section */
		0F0F180E2B6436CF003311EF /* Build configuration list for PBXProject "SplashScreen" */ = {
			isa = XCConfigurationList;
			buildConfigurations = (
				0F0F181F2B6436D0003311EF /* Debug */,
				0F0F18202B6436D0003311EF /* Release */,
			);
			defaultConfigurationIsVisible = 0;
			defaultConfigurationName = Release;
		};
		0F0F18212B6436D0003311EF /* Build configuration list for PBXNativeTarget "SplashScreen" */ = {
			isa = XCConfigurationList;
			buildConfigurations = (
				0F0F18222B6436D0003311EF /* Debug */,
				0F0F18232B6436D0003311EF /* Release */,
			);
			defaultConfigurationIsVisible = 0;
			defaultConfigurationName = Release;
		};
/* End XCConfigurationList section */
	};
	rootObject = 0F0F180B2B6436CF003311EF /* Project object */;
}
